// !$*UTF8*$!
{
	archiveVersion = 1;
	classes = {
	};
	objectVersion = 46;
	objects = {

/* Begin PBXBuildFile section */
		2EAF6BF31E4C4F6600177B4F /* AppDelegate.swift in Sources */ = {isa = PBXBuildFile; fileRef = 2EAF6BF21E4C4F6600177B4F /* AppDelegate.swift */; };
		2EAF6BF81E4C4F6600177B4F /* Main.storyboard in Resources */ = {isa = PBXBuildFile; fileRef = 2EAF6BF61E4C4F6600177B4F /* Main.storyboard */; };
		2EAF6BFA1E4C4F6600177B4F /* Assets.xcassets in Resources */ = {isa = PBXBuildFile; fileRef = 2EAF6BF91E4C4F6600177B4F /* Assets.xcassets */; };
		2EAF6BFD1E4C4F6600177B4F /* LaunchScreen.storyboard in Resources */ = {isa = PBXBuildFile; fileRef = 2EAF6BFB1E4C4F6600177B4F /* LaunchScreen.storyboard */; };
		2EAF6C061E4C4FF200177B4F /* TableViewController.swift in Sources */ = {isa = PBXBuildFile; fileRef = 2EAF6C051E4C4FF200177B4F /* TableViewController.swift */; };
		2EAF6C091E4C52C000177B4F /* TableViewCell.swift in Sources */ = {isa = PBXBuildFile; fileRef = 2EAF6C071E4C52C000177B4F /* TableViewCell.swift */; };
		2EAF6C0A1E4C52C000177B4F /* TableViewCell.xib in Resources */ = {isa = PBXBuildFile; fileRef = 2EAF6C081E4C52C000177B4F /* TableViewCell.xib */; };
		2EAF6C0F1E4C5F3800177B4F /* CollectionViewCell.swift in Sources */ = {isa = PBXBuildFile; fileRef = 2EAF6C0D1E4C5F3800177B4F /* CollectionViewCell.swift */; };
		2EAF6C101E4C5F3800177B4F /* CollectionViewCell.xib in Resources */ = {isa = PBXBuildFile; fileRef = 2EAF6C0E1E4C5F3800177B4F /* CollectionViewCell.xib */; };
		2EAF6C141E4D958400177B4F /* DetailViewController.swift in Sources */ = {isa = PBXBuildFile; fileRef = 2EAF6C121E4D958400177B4F /* DetailViewController.swift */; };
		2EAF6C151E4D958400177B4F /* DetailViewController.xib in Resources */ = {isa = PBXBuildFile; fileRef = 2EAF6C131E4D958400177B4F /* DetailViewController.xib */; };
		2EAF6C181E4D96C700177B4F /* BrowseAnimation.swift in Sources */ = {isa = PBXBuildFile; fileRef = 2EAF6C171E4D96C700177B4F /* BrowseAnimation.swift */; };
/* End PBXBuildFile section */

/* Begin PBXFileReference section */
		2EAF6BEF1E4C4F6600177B4F /* ShiuAnimationSwift.app */ = {isa = PBXFileReference; explicitFileType = wrapper.application; includeInIndex = 0; path = ShiuAnimationSwift.app; sourceTree = BUILT_PRODUCTS_DIR; };
		2EAF6BF21E4C4F6600177B4F /* AppDelegate.swift */ = {isa = PBXFileReference; lastKnownFileType = sourcecode.swift; path = AppDelegate.swift; sourceTree = "<group>"; };
		2EAF6BF71E4C4F6600177B4F /* Base */ = {isa = PBXFileReference; lastKnownFileType = file.storyboard; name = Base; path = Base.lproj/Main.storyboard; sourceTree = "<group>"; };
		2EAF6BF91E4C4F6600177B4F /* Assets.xcassets */ = {isa = PBXFileReference; lastKnownFileType = folder.assetcatalog; path = Assets.xcassets; sourceTree = "<group>"; };
		2EAF6BFC1E4C4F6600177B4F /* Base */ = {isa = PBXFileReference; lastKnownFileType = file.storyboard; name = Base; path = Base.lproj/LaunchScreen.storyboard; sourceTree = "<group>"; };
		2EAF6BFE1E4C4F6600177B4F /* Info.plist */ = {isa = PBXFileReference; lastKnownFileType = text.plist.xml; path = Info.plist; sourceTree = "<group>"; };
		2EAF6C051E4C4FF200177B4F /* TableViewController.swift */ = {isa = PBXFileReference; fileEncoding = 4; lastKnownFileType = sourcecode.swift; path = TableViewController.swift; sourceTree = "<group>"; };
		2EAF6C071E4C52C000177B4F /* TableViewCell.swift */ = {isa = PBXFileReference; fileEncoding = 4; lastKnownFileType = sourcecode.swift; path = TableViewCell.swift; sourceTree = "<group>"; };
		2EAF6C081E4C52C000177B4F /* TableViewCell.xib */ = {isa = PBXFileReference; fileEncoding = 4; lastKnownFileType = file.xib; path = TableViewCell.xib; sourceTree = "<group>"; };
		2EAF6C0D1E4C5F3800177B4F /* CollectionViewCell.swift */ = {isa = PBXFileReference; fileEncoding = 4; lastKnownFileType = sourcecode.swift; path = CollectionViewCell.swift; sourceTree = "<group>"; };
		2EAF6C0E1E4C5F3800177B4F /* CollectionViewCell.xib */ = {isa = PBXFileReference; fileEncoding = 4; lastKnownFileType = file.xib; path = CollectionViewCell.xib; sourceTree = "<group>"; };
		2EAF6C121E4D958400177B4F /* DetailViewController.swift */ = {isa = PBXFileReference; fileEncoding = 4; lastKnownFileType = sourcecode.swift; path = DetailViewController.swift; sourceTree = "<group>"; };
		2EAF6C131E4D958400177B4F /* DetailViewController.xib */ = {isa = PBXFileReference; fileEncoding = 4; lastKnownFileType = file.xib; path = DetailViewController.xib; sourceTree = "<group>"; };
		2EAF6C171E4D96C700177B4F /* BrowseAnimation.swift */ = {isa = PBXFileReference; fileEncoding = 4; lastKnownFileType = sourcecode.swift; path = BrowseAnimation.swift; sourceTree = "<group>"; };
/* End PBXFileReference section */

/* Begin PBXFrameworksBuildPhase section */
		2EAF6BEC1E4C4F6600177B4F /* Frameworks */ = {
			isa = PBXFrameworksBuildPhase;
			buildActionMask = 2147483647;
			files = (
			);
			runOnlyForDeploymentPostprocessing = 0;
		};
/* End PBXFrameworksBuildPhase section */

/* Begin PBXGroup section */
		2EAF6BE61E4C4F6600177B4F = {
			isa = PBXGroup;
			children = (
				2EAF6BF11E4C4F6600177B4F /* ShiuAnimationSwift */,
				2EAF6BF01E4C4F6600177B4F /* Products */,
			);
			sourceTree = "<group>";
		};
		2EAF6BF01E4C4F6600177B4F /* Products */ = {
			isa = PBXGroup;
			children = (
				2EAF6BEF1E4C4F6600177B4F /* ShiuAnimationSwift.app */,
			);
			name = Products;
			sourceTree = "<group>";
		};
		2EAF6BF11E4C4F6600177B4F /* ShiuAnimationSwift */ = {
			isa = PBXGroup;
			children = (
				2EAF6C161E4D96AD00177B4F /* BrowseAnimation */,
				2EAF6BF21E4C4F6600177B4F /* AppDelegate.swift */,
				2EAF6C041E4C4FCA00177B4F /* TableViewController */,
				2EAF6BF61E4C4F6600177B4F /* Main.storyboard */,
				2EAF6C111E4D956B00177B4F /* DetailViewController */,
				2EAF6BF91E4C4F6600177B4F /* Assets.xcassets */,
				2EAF6BFB1E4C4F6600177B4F /* LaunchScreen.storyboard */,
				2EAF6BFE1E4C4F6600177B4F /* Info.plist */,
			);
			path = ShiuAnimationSwift;
			sourceTree = "<group>";
		};
		2EAF6C041E4C4FCA00177B4F /* TableViewController */ = {
			isa = PBXGroup;
			children = (
				2EAF6C051E4C4FF200177B4F /* TableViewController.swift */,
				2EAF6C0B1E4C52C800177B4F /* TableViewCell */,
			);
			path = TableViewController;
			sourceTree = "<group>";
		};
		2EAF6C0B1E4C52C800177B4F /* TableViewCell */ = {
			isa = PBXGroup;
			children = (
				2EAF6C0C1E4C5F1600177B4F /* CollectionViewCell */,
				2EAF6C071E4C52C000177B4F /* TableViewCell.swift */,
				2EAF6C081E4C52C000177B4F /* TableViewCell.xib */,
			);
			name = TableViewCell;
			sourceTree = "<group>";
		};
		2EAF6C0C1E4C5F1600177B4F /* CollectionViewCell */ = {
			isa = PBXGroup;
			children = (
				2EAF6C0D1E4C5F3800177B4F /* CollectionViewCell.swift */,
				2EAF6C0E1E4C5F3800177B4F /* CollectionViewCell.xib */,
			);
			name = CollectionViewCell;
			sourceTree = "<group>";
		};
		2EAF6C111E4D956B00177B4F /* DetailViewController */ = {
			isa = PBXGroup;
			children = (
				2EAF6C121E4D958400177B4F /* DetailViewController.swift */,
				2EAF6C131E4D958400177B4F /* DetailViewController.xib */,
			);
			name = DetailViewController;
			path = ..;
			sourceTree = "<group>";
		};
		2EAF6C161E4D96AD00177B4F /* BrowseAnimation */ = {
			isa = PBXGroup;
			children = (
				2EAF6C171E4D96C700177B4F /* BrowseAnimation.swift */,
			);
			name = BrowseAnimation;
			sourceTree = "<group>";
		};
/* End PBXGroup section */

/* Begin PBXNativeTarget section */
		2EAF6BEE1E4C4F6600177B4F /* ShiuAnimationSwift */ = {
			isa = PBXNativeTarget;
			buildConfigurationList = 2EAF6C011E4C4F6600177B4F /* Build configuration list for PBXNativeTarget "ShiuAnimationSwift" */;
			buildPhases = (
				2EAF6BEB1E4C4F6600177B4F /* Sources */,
				2EAF6BEC1E4C4F6600177B4F /* Frameworks */,
				2EAF6BED1E4C4F6600177B4F /* Resources */,
			);
			buildRules = (
			);
			dependencies = (
			);
			name = ShiuAnimationSwift;
			productName = ShiuAnimationSwift;
			productReference = 2EAF6BEF1E4C4F6600177B4F /* ShiuAnimationSwift.app */;
			productType = "com.apple.product-type.application";
		};
/* End PBXNativeTarget section */

/* Begin PBXProject section */
		2EAF6BE71E4C4F6600177B4F /* Project object */ = {
			isa = PBXProject;
			attributes = {
				LastSwiftUpdateCheck = 0810;
				LastUpgradeCheck = 0810;
				ORGANIZATIONNAME = AllenShiu;
				TargetAttributes = {
					2EAF6BEE1E4C4F6600177B4F = {
						CreatedOnToolsVersion = 8.1;
						DevelopmentTeam = R2UVMZLES2;
						ProvisioningStyle = Automatic;
					};
				};
			};
			buildConfigurationList = 2EAF6BEA1E4C4F6600177B4F /* Build configuration list for PBXProject "ShiuAnimationSwift" */;
			compatibilityVersion = "Xcode 3.2";
			developmentRegion = English;
			hasScannedForEncodings = 0;
			knownRegions = (
				en,
				Base,
			);
			mainGroup = 2EAF6BE61E4C4F6600177B4F;
			productRefGroup = 2EAF6BF01E4C4F6600177B4F /* Products */;
			projectDirPath = "";
			projectRoot = "";
			targets = (
				2EAF6BEE1E4C4F6600177B4F /* ShiuAnimationSwift */,
			);
		};
/* End PBXProject section */

/* Begin PBXResourcesBuildPhase section */
		2EAF6BED1E4C4F6600177B4F /* Resources */ = {
			isa = PBXResourcesBuildPhase;
			buildActionMask = 2147483647;
			files = (
				2EAF6BFD1E4C4F6600177B4F /* LaunchScreen.storyboard in Resources */,
				2EAF6C151E4D958400177B4F /* DetailViewController.xib in Resources */,
				2EAF6C0A1E4C52C000177B4F /* TableViewCell.xib in Resources */,
				2EAF6BFA1E4C4F6600177B4F /* Assets.xcassets in Resources */,
				2EAF6BF81E4C4F6600177B4F /* Main.storyboard in Resources */,
				2EAF6C101E4C5F3800177B4F /* CollectionViewCell.xib in Resources */,
			);
			runOnlyForDeploymentPostprocessing = 0;
		};
/* End PBXResourcesBuildPhase section */

/* Begin PBXSourcesBuildPhase section */
		2EAF6BEB1E4C4F6600177B4F /* Sources */ = {
			isa = PBXSourcesBuildPhase;
			buildActionMask = 2147483647;
			files = (
				2EAF6C181E4D96C700177B4F /* BrowseAnimation.swift in Sources */,
				2EAF6C091E4C52C000177B4F /* TableViewCell.swift in Sources */,
				2EAF6BF31E4C4F6600177B4F /* AppDelegate.swift in Sources */,
				2EAF6C141E4D958400177B4F /* DetailViewController.swift in Sources */,
				2EAF6C0F1E4C5F3800177B4F /* CollectionViewCell.swift in Sources */,
				2EAF6C061E4C4FF200177B4F /* TableViewController.swift in Sources */,
			);
			runOnlyForDeploymentPostprocessing = 0;
		};
/* End PBXSourcesBuildPhase section */

/* Begin PBXVariantGroup section */
		2EAF6BF61E4C4F6600177B4F /* Main.storyboard */ = {
			isa = PBXVariantGroup;
			children = (
				2EAF6BF71E4C4F6600177B4F /* Base */,
			);
			name = Main.storyboard;
			sourceTree = "<group>";
		};
		2EAF6BFB1E4C4F6600177B4F /* LaunchScreen.storyboard */ = {
			isa = PBXVariantGroup;
			children = (
				2EAF6BFC1E4C4F6600177B4F /* Base */,
			);
			name = LaunchScreen.storyboard;
			sourceTree = "<group>";
		};
/* End PBXVariantGroup section */

/* Begin XCBuildConfiguration section */
		2EAF6BFF1E4C4F6600177B4F /* Debug */ = {
			isa = XCBuildConfiguration;
			buildSettings = {
				ALWAYS_SEARCH_USER_PATHS = NO;
				CLANG_ANALYZER_NONNULL = YES;
				CLANG_CXX_LANGUAGE_STANDARD = "gnu++0x";
				CLANG_CXX_LIBRARY = "libc++";
				CLANG_ENABLE_MODULES = YES;
				CLANG_ENABLE_OBJC_ARC = YES;
				CLANG_WARN_BOOL_CONVERSION = YES;
				CLANG_WARN_CONSTANT_CONVERSION = YES;
				CLANG_WARN_DIRECT_OBJC_ISA_USAGE = YES_ERROR;
				CLANG_WARN_DOCUMENTATION_COMMENTS = YES;
				CLANG_WARN_EMPTY_BODY = YES;
				CLANG_WARN_ENUM_CONVERSION = YES;
				CLANG_WARN_INFINITE_RECURSION = YES;
				CLANG_WARN_INT_CONVERSION = YES;
				CLANG_WARN_OBJC_ROOT_CLASS = YES_ERROR;
				CLANG_WARN_SUSPICIOUS_MOVES = YES;
				CLANG_WARN_UNREACHABLE_CODE = YES;
				CLANG_WARN__DUPLICATE_METHOD_MATCH = YES;
				"CODE_SIGN_IDENTITY[sdk=iphoneos*]" = "iPhone Developer";
				COPY_PHASE_STRIP = NO;
				DEBUG_INFORMATION_FORMAT = dwarf;
				ENABLE_STRICT_OBJC_MSGSEND = YES;
				ENABLE_TESTABILITY = YES;
				GCC_C_LANGUAGE_STANDARD = gnu99;
				GCC_DYNAMIC_NO_PIC = NO;
				GCC_NO_COMMON_BLOCKS = YES;
				GCC_OPTIMIZATION_LEVEL = 0;
				GCC_PREPROCESSOR_DEFINITIONS = (
					"DEBUG=1",
					"$(inherited)",
				);
				GCC_WARN_64_TO_32_BIT_CONVERSION = YES;
				GCC_WARN_ABOUT_RETURN_TYPE = YES_ERROR;
				GCC_WARN_UNDECLARED_SELECTOR = YES;
				GCC_WARN_UNINITIALIZED_AUTOS = YES_AGGRESSIVE;
				GCC_WARN_UNUSED_FUNCTION = YES;
				GCC_WARN_UNUSED_VARIABLE = YES;
				IPHONEOS_DEPLOYMENT_TARGET = 10.1;
				MTL_ENABLE_DEBUG_INFO = YES;
				ONLY_ACTIVE_ARCH = YES;
				SDKROOT = iphoneos;
				SWIFT_ACTIVE_COMPILATION_CONDITIONS = DEBUG;
				SWIFT_OPTIMIZATION_LEVEL = "-Onone";
			};
			name = Debug;
		};
		2EAF6C001E4C4F6600177B4F /* Release */ = {
			isa = XCBuildConfiguration;
			buildSettings = {
				ALWAYS_SEARCH_USER_PATHS = NO;
				CLANG_ANALYZER_NONNULL = YES;
				CLANG_CXX_LANGUAGE_STANDARD = "gnu++0x";
				CLANG_CXX_LIBRARY = "libc++";
				CLANG_ENABLE_MODULES = YES;
				CLANG_ENABLE_OBJC_ARC = YES;
				CLANG_WARN_BOOL_CONVERSION = YES;
				CLANG_WARN_CONSTANT_CONVERSION = YES;
				CLANG_WARN_DIRECT_OBJC_ISA_USAGE = YES_ERROR;
				CLANG_WARN_DOCUMENTATION_COMMENTS = YES;
				CLANG_WARN_EMPTY_BODY = YES;
				CLANG_WARN_ENUM_CONVERSION = YES;
				CLANG_WARN_INFINITE_RECURSION = YES;
				CLANG_WARN_INT_CONVERSION = YES;
				CLANG_WARN_OBJC_ROOT_CLASS = YES_ERROR;
				CLANG_WARN_SUSPICIOUS_MOVES = YES;
				CLANG_WARN_UNREACHABLE_CODE = YES;
				CLANG_WARN__DUPLICATE_METHOD_MATCH = YES;
				"CODE_SIGN_IDENTITY[sdk=iphoneos*]" = "iPhone Developer";
				COPY_PHASE_STRIP = NO;
				DEBUG_INFORMATION_FORMAT = "dwarf-with-dsym";
				ENABLE_NS_ASSERTIONS = NO;
				ENABLE_STRICT_OBJC_MSGSEND = YES;
				GCC_C_LANGUAGE_STANDARD = gnu99;
				GCC_NO_COMMON_BLOCKS = YES;
				GCC_WARN_64_TO_32_BIT_CONVERSION = YES;
				GCC_WARN_ABOUT_RETURN_TYPE = YES_ERROR;
				GCC_WARN_UNDECLARED_SELECTOR = YES;
				GCC_WARN_UNINITIALIZED_AUTOS = YES_AGGRESSIVE;
				GCC_WARN_UNUSED_FUNCTION = YES;
				GCC_WARN_UNUSED_VARIABLE = YES;
				IPHONEOS_DEPLOYMENT_TARGET = 10.1;
				MTL_ENABLE_DEBUG_INFO = NO;
				SDKROOT = iphoneos;
				SWIFT_OPTIMIZATION_LEVEL = "-Owholemodule";
				VALIDATE_PRODUCT = YES;
			};
			name = Release;
		};
		2EAF6C021E4C4F6600177B4F /* Debug */ = {
			isa = XCBuildConfiguration;
			buildSettings = {
				ASSETCATALOG_COMPILER_APPICON_NAME = AppIcon;
				DEVELOPMENT_TEAM = R2UVMZLES2;
				INFOPLIST_FILE = ShiuAnimationSwift/Info.plist;
				LD_RUNPATH_SEARCH_PATHS = "$(inherited) @executable_path/Frameworks";
				PRODUCT_BUNDLE_IDENTIFIER = com.ufiSpace.ShiuAnimationSwift;
				PRODUCT_NAME = "$(TARGET_NAME)";
				SWIFT_VERSION = 3.0;
			};
			name = Debug;
		};
		2EAF6C031E4C4F6600177B4F /* Release */ = {
			isa = XCBuildConfiguration;
			buildSettings = {
				ASSETCATALOG_COMPILER_APPICON_NAME = AppIcon;
				DEVELOPMENT_TEAM = R2UVMZLES2;
				INFOPLIST_FILE = ShiuAnimationSwift/Info.plist;
				LD_RUNPATH_SEARCH_PATHS = "$(inherited) @executable_path/Frameworks";
				PRODUCT_BUNDLE_IDENTIFIER = com.ufiSpace.ShiuAnimationSwift;
				PRODUCT_NAME = "$(TARGET_NAME)";
				SWIFT_VERSION = 3.0;
			};
			name = Release;
		};
/* End XCBuildConfiguration section */

/* Begin XCConfigurationList section */
		2EAF6BEA1E4C4F6600177B4F /* Build configuration list for PBXProject "ShiuAnimationSwift" */ = {
			isa = XCConfigurationList;
			buildConfigurations = (
				2EAF6BFF1E4C4F6600177B4F /* Debug */,
				2EAF6C001E4C4F6600177B4F /* Release */,
			);
			defaultConfigurationIsVisible = 0;
			defaultConfigurationName = Release;
		};
		2EAF6C011E4C4F6600177B4F /* Build configuration list for PBXNativeTarget "ShiuAnimationSwift" */ = {
			isa = XCConfigurationList;
			buildConfigurations = (
				2EAF6C021E4C4F6600177B4F /* Debug */,
				2EAF6C031E4C4F6600177B4F /* Release */,
			);
			defaultConfigurationIsVisible = 0;
		};
/* End XCConfigurationList section */
	};
	rootObject = 2EAF6BE71E4C4F6600177B4F /* Project object */;
}
